{
  "name": "kirby-locale",
  "lockfileVersion": 3,
  "requires": true,
  "packages": {
    "": {
      "devDependencies": {
        "@formatjs/intl-displaynames": "^6.8.12",
        "@formatjs/intl-locale": "^4.2.12"
      }
    },
    "node_modules/@formatjs/ecma402-abstract": {
      "version": "2.3.5",
      "resolved": "https://registry.npmjs.org/@formatjs/ecma402-abstract/-/ecma402-abstract-2.3.5.tgz",
      "integrity": "sha512-1HTESOq1IUa23g1lFZEGIXsfZKZOwWmB9RROwGn+xariiQnd++wwTMvlRAbZ8wtXRHFUamJPxsKcxpSzeCvFWQ==",
      "dev": true,
      "dependencies": {
        "@formatjs/fast-memoize": "2.2.7",
        "@formatjs/intl-localematcher": "0.6.2",
        "decimal.js": "^10.4.3",
        "tslib": "^2.8.0"
      }
    },
    "node_modules/@formatjs/fast-memoize": {
      "version": "2.2.7",
      "resolved": "https://registry.npmjs.org/@formatjs/fast-memoize/-/fast-memoize-2.2.7.tgz",
      "integrity": "sha512-Yabmi9nSvyOMrlSeGGWDiH7rf3a7sIwplbvo/dlz9WCIjzIQAfy1RMf4S0X3yG724n5Ghu2GmEl5NJIV6O9sZQ==",
      "dev": true,
      "dependencies": {
        "tslib": "^2.8.0"
      }
    },
    "node_modules/@formatjs/intl-displaynames": {
      "version": "6.8.12",
      "resolved": "https://registry.npmjs.org/@formatjs/intl-displaynames/-/intl-displaynames-6.8.12.tgz",
      "integrity": "sha512-jQbzgU1s4Hbu0WO5tXtTzRTr2rqQ+qIt+S0jdz9JrK2KmSniPMGGiGUGy3dG1Lf1Hfq+n9EJUb2AGSE1DCwLAQ==",
      "dev": true,
      "dependencies": {
        "@formatjs/ecma402-abstract": "2.3.5",
        "@formatjs/intl-localematcher": "0.6.2",
        "tslib": "^2.8.0"
      }
    },
    "node_modules/@formatjs/intl-enumerator": {
      "version": "1.8.11",
      "resolved": "https://registry.npmjs.org/@formatjs/intl-enumerator/-/intl-enumerator-1.8.11.tgz",
      "integrity": "sha512-IHtH9SYi+LZK7OAKQEDJ7Wvi/PF9DQv8Up2PhXO84nOuIZkW1KWqxqktrOq9hDAZSFwh8/AoPz7bOuUZwciB+Q==",
      "dev": true,
      "dependencies": {
        "@formatjs/ecma402-abstract": "2.3.5",
        "tslib": "^2.8.0"
      }
    },
    "node_modules/@formatjs/intl-getcanonicallocales": {
      "version": "2.5.6",
      "resolved": "https://registry.npmjs.org/@formatjs/intl-getcanonicallocales/-/intl-getcanonicallocales-2.5.6.tgz",
      "integrity": "sha512-CnBbc4St61RL06gDXlCZG08Gt41uiySgsdZNBExh8/c0FBONJCrAlQ9FsyalUdq9ze0nCeknJtMmO8JnB9xHgQ==",
      "dev": true,
      "dependencies": {
        "tslib": "^2.8.0"
      }
    },
    "node_modules/@formatjs/intl-locale": {
      "version": "4.2.12",
      "resolved": "https://registry.npmjs.org/@formatjs/intl-locale/-/intl-locale-4.2.12.tgz",
      "integrity": "sha512-JQrkg5LptgSxruy2Z9yNlDz3gn9rwI19+fdVuCTgQ5J1Yz73blgIZ5Nt+4N2vNw6pmmqrYephxL9Diq9YD5zsg==",
      "dev": true,
      "dependencies": {
        "@formatjs/ecma402-abstract": "2.3.5",
        "@formatjs/intl-enumerator": "1.8.11",
        "@formatjs/intl-getcanonicallocales": "2.5.6",
        "tslib": "^2.8.0"
      }
    },
    "node_modules/@formatjs/intl-localematcher": {
      "version": "0.6.2",
      "resolved": "https://registry.npmjs.org/@formatjs/intl-localematcher/-/intl-localematcher-0.6.2.tgz",
      "integrity": "sha512-XOMO2Hupl0wdd172Y06h6kLpBz6Dv+J4okPLl4LPtzbr8f66WbIoy4ev98EBuZ6ZK4h5ydTN6XneT4QVpD7cdA==",
      "dev": true,
      "dependencies": {
        "tslib": "^2.8.0"
      }
    },
    "node_modules/decimal.js": {
      "version": "10.6.0",
      "resolved": "https://registry.npmjs.org/decimal.js/-/decimal.js-10.6.0.tgz",
      "integrity": "sha512-YpgQiITW3JXGntzdUmyUR1V812Hn8T1YVXhCu+wO3OpS4eU9l4YdD3qjyiKdV6mvV29zapkMeD390UVEf2lkUg==",
      "dev": true
    },
    "node_modules/tslib": {
      "version": "2.8.1",
      "resolved": "https://registry.npmjs.org/tslib/-/tslib-2.8.1.tgz",
      "integrity": "sha512-oJFu94HQb+KVduSUQL7wnpmqnfmLsOA/nAh6b6EH0wCEoK0/mPeXU6c3wKDV83MkOuHPRHtSXKKU99IBazS/2w==",
      "dev": true
    }
  }
}
