{
  "name": "kirby-locale",
  "lockfileVersion": 3,
  "requires": true,
  "packages": {
    "": {
      "devDependencies": {
        "@formatjs/intl-displaynames": "^6.8.12",
        "@formatjs/intl-locale": "^4.2.12"
      }
    },
    "node_modules/@formatjs/ecma402-abstract": {
      "version": "2.3.6",
      "resolved": "https://registry.npmjs.org/@formatjs/ecma402-abstract/-/ecma402-abstract-2.3.6.tgz",
      "integrity": "sha512-HJnTFeRM2kVFVr5gr5kH1XP6K0JcJtE7Lzvtr3FS/so5f1kpsqqqxy5JF+FRaO6H2qmcMfAUIox7AJteieRtVw==",
      "dev": true,
      "license": "MIT",
      "dependencies": {
        "@formatjs/fast-memoize": "2.2.7",
        "@formatjs/intl-localematcher": "0.6.2",
        "decimal.js": "^10.4.3",
        "tslib": "^2.8.0"
      }
    },
    "node_modules/@formatjs/fast-memoize": {
      "version": "2.2.7",
      "resolved": "https://registry.npmjs.org/@formatjs/fast-memoize/-/fast-memoize-2.2.7.tgz",
      "integrity": "sha512-Yabmi9nSvyOMrlSeGGWDiH7rf3a7sIwplbvo/dlz9WCIjzIQAfy1RMf4S0X3yG724n5Ghu2GmEl5NJIV6O9sZQ==",
      "dev": true,
      "license": "MIT",
      "dependencies": {
        "tslib": "^2.8.0"
      }
    },
    "node_modules/@formatjs/intl-displaynames": {
      "version": "6.8.13",
      "resolved": "https://registry.npmjs.org/@formatjs/intl-displaynames/-/intl-displaynames-6.8.13.tgz",
      "integrity": "sha512-VbY7BdYJX5eURVKLk2grndUQtnbCLNbcJId/Sb/PsX7fWXiqWvg7qt/mecVHRzqoSEoGCQToKDxzpJj8RC0s3g==",
      "dev": true,
      "license": "MIT",
      "dependencies": {
        "@formatjs/ecma402-abstract": "2.3.6",
        "@formatjs/intl-localematcher": "0.6.2",
        "tslib": "^2.8.0"
      }
    },
    "node_modules/@formatjs/intl-enumerator": {
      "version": "1.8.12",
      "resolved": "https://registry.npmjs.org/@formatjs/intl-enumerator/-/intl-enumerator-1.8.12.tgz",
      "integrity": "sha512-rT2hnyQ0q6RDG1jISMH+MP6wlHQLUC81C0BeYEzabJb48S4tU2HGCPUxsOqMa3vDAUmpnz9Kw5vYTD5hTkOVgg==",
      "dev": true,
      "license": "MIT",
      "dependencies": {
        "@formatjs/ecma402-abstract": "2.3.6",
        "tslib": "^2.8.0"
      }
    },
    "node_modules/@formatjs/intl-getcanonicallocales": {
      "version": "2.5.6",
      "resolved": "https://registry.npmjs.org/@formatjs/intl-getcanonicallocales/-/intl-getcanonicallocales-2.5.6.tgz",
      "integrity": "sha512-CnBbc4St61RL06gDXlCZG08Gt41uiySgsdZNBExh8/c0FBONJCrAlQ9FsyalUdq9ze0nCeknJtMmO8JnB9xHgQ==",
      "dev": true,
      "license": "MIT",
      "dependencies": {
        "tslib": "^2.8.0"
      }
    },
    "node_modules/@formatjs/intl-locale": {
      "version": "4.2.13",
      "resolved": "https://registry.npmjs.org/@formatjs/intl-locale/-/intl-locale-4.2.13.tgz",
      "integrity": "sha512-Qcs0mP9JhEPCinPfpZ5JKzOa+VYDg94TQSFZozYuqG8R+hEGUTKyoyMqB5xi5QZT/hlB0CSgeNc/0fWMGtTFXA==",
      "dev": true,
      "license": "MIT",
      "dependencies": {
        "@formatjs/ecma402-abstract": "2.3.6",
        "@formatjs/intl-enumerator": "1.8.12",
        "@formatjs/intl-getcanonicallocales": "2.5.6",
        "tslib": "^2.8.0"
      }
    },
    "node_modules/@formatjs/intl-localematcher": {
      "version": "0.6.2",
      "resolved": "https://registry.npmjs.org/@formatjs/intl-localematcher/-/intl-localematcher-0.6.2.tgz",
      "integrity": "sha512-XOMO2Hupl0wdd172Y06h6kLpBz6Dv+J4okPLl4LPtzbr8f66WbIoy4ev98EBuZ6ZK4h5ydTN6XneT4QVpD7cdA==",
      "dev": true,
      "license": "MIT",
      "dependencies": {
        "tslib": "^2.8.0"
      }
    },
    "node_modules/decimal.js": {
      "version": "10.6.0",
      "resolved": "https://registry.npmjs.org/decimal.js/-/decimal.js-10.6.0.tgz",
      "integrity": "sha512-YpgQiITW3JXGntzdUmyUR1V812Hn8T1YVXhCu+wO3OpS4eU9l4YdD3qjyiKdV6mvV29zapkMeD390UVEf2lkUg==",
      "dev": true,
      "license": "MIT"
    },
    "node_modules/tslib": {
      "version": "2.8.1",
      "resolved": "https://registry.npmjs.org/tslib/-/tslib-2.8.1.tgz",
      "integrity": "sha512-oJFu94HQb+KVduSUQL7wnpmqnfmLsOA/nAh6b6EH0wCEoK0/mPeXU6c3wKDV83MkOuHPRHtSXKKU99IBazS/2w==",
      "dev": true,
      "license": "0BSD"
    }
  }
}
